
Microsoft Visual Studio Solution File, Format Version 12.00
# Visual Studio Version 16
VisualStudioVersion = 16.0.31624.102
MinimumVisualStudioVersion = 10.0.40219.1
Project("{FAE04EC0-301F-11D3-BF4B-00C04F79EFBC}") = "GameController", "GameController\GameController.csproj", "{E98473AB-FC56-4889-AD65-266213B5A8AE}"
EndProject
Global
	GlobalSection(SolutionConfigurationPlatforms) = preSolution
		Debug|Any CPU = Debug|Any CPU
		Release|Any CPU = Release|Any CPU
	EndGlobalSection
	GlobalSection(ProjectConfigurationPlatforms) = postSolution
		{E98473AB-FC56-4889-AD65-266213B5A8AE}.Debug|Any CPU.ActiveCfg = Debug|Any CPU
		{E98473AB-FC56-4889-AD65-266213B5A8AE}.Debug|Any CPU.Build.0 = Debug|Any CPU
		{E98473AB-FC56-4889-AD65-266213B5A8AE}.Release|Any CPU.ActiveCfg = Release|Any CPU
		{E98473AB-FC56-4889-AD65-266213B5A8AE}.Release|Any CPU.Build.0 = Release|Any CPU
	EndGlobalSection
	GlobalSection(SolutionProperties) = preSolution
		HideSolutionNode = FALSE
	EndGlobalSection
	GlobalSection(ExtensibilityGlobals) = postSolution
		SolutionGuid = {CC7776C5-1E9F-4E06-B93F-E66FA8674B02}
	EndGlobalSection
EndGlobal
